{
  "name": "LatestOddballFirm",
  "version": "1.0.0",
  "lockfileVersion": 1,
  "requires": true,
  "dependencies": {
    "@aternus/csv-to-xlsx": {
      "version": "1.0.16",
      "resolved": "https://registry.npmjs.org/@aternus/csv-to-xlsx/-/csv-to-xlsx-1.0.16.tgz",
      "integrity": "sha512-Xa2WJuRjHFgb9dSJd6ZlG/kvXQsf0Nd6J+CSfLxkjNIF+Y5Pfna4TIDx2Yb1SovVIuca3AYXNbKu+N1jbjDQOg==",
      "requires": {
        "commander": "^6.1.0",
        "csv-parse": "^4.12.0",
        "fs-extra": "^9.0.0",
        "xlsx": "^0.16.6"
      }
    },
    "Blob": {
      "version": "0.10.0",
      "resolved": "https://registry.npmjs.org/Blob/-/Blob-0.10.0.tgz",
      "integrity": "sha1-SFptnVT9TddCU+DGCvhvxmYh6d8="
    },
    "adler-32": {
      "version": "1.2.0",
      "resolved": "https://registry.npmjs.org/adler-32/-/adler-32-1.2.0.tgz",
      "integrity": "sha1-aj5r8KY5ALoVZSgIyxXGgT0aXyU=",
      "requires": {
        "exit-on-epipe": "~1.0.1",
        "printj": "~1.1.0"
      }
    },
    "at-least-node": {
      "version": "1.0.0",
      "resolved": "https://registry.npmjs.org/at-least-node/-/at-least-node-1.0.0.tgz",
      "integrity": "sha512-+q/t7Ekv1EDY2l6Gda6LLiX14rU9TV20Wa3ofeQmwPFZbOMo9DXrLbOjFaaclkXKWidIaopwAObQDqwWtGUjqg=="
    },
    "blob-polyfill": {
      "version": "4.0.20200601",
      "resolved": "https://registry.npmjs.org/blob-polyfill/-/blob-polyfill-4.0.20200601.tgz",
      "integrity": "sha512-1jB6WOIp6IDxNyng5+9A8g/f0uiphib2ELCN+XAnlssinsW8s1k4VYG9b1TxIUd3pdm9RJSLQuBh6iohYmD4hA=="
    },
    "bluebird": {
      "version": "3.7.2",
      "resolved": "https://registry.npmjs.org/bluebird/-/bluebird-3.7.2.tgz",
      "integrity": "sha512-XpNj6GDQzdfW+r2Wnn7xiSAd7TM3jzkxGXBGTtWKuSXv1xUV+azxAm8jdWZN06QTQk+2N2XB9jRDkvbmQmcRtg=="
    },
    "cfb": {
      "version": "1.2.0",
      "resolved": "https://registry.npmjs.org/cfb/-/cfb-1.2.0.tgz",
      "integrity": "sha512-sXMvHsKCICVR3Naq+J556K+ExBo9n50iKl6LGarlnvuA2035uMlGA/qVrc0wQtow5P1vJEw9UyrKLCbtIKz+TQ==",
      "requires": {
        "adler-32": "~1.2.0",
        "crc-32": "~1.2.0",
        "printj": "~1.1.2"
      }
    },
    "codepage": {
      "version": "1.14.0",
      "resolved": "https://registry.npmjs.org/codepage/-/codepage-1.14.0.tgz",
      "integrity": "sha1-jL4lSBMjVZ19MHVxsP/5HnodL5k=",
      "requires": {
        "commander": "~2.14.1",
        "exit-on-epipe": "~1.0.1"
      },
      "dependencies": {
        "commander": {
          "version": "2.14.1",
          "resolved": "https://registry.npmjs.org/commander/-/commander-2.14.1.tgz",
          "integrity": "sha512-+YR16o3rK53SmWHU3rEM3tPAh2rwb1yPcQX5irVn7mb0gXbwuCCrnkbV5+PBfETdfg1vui07nM6PCG1zndcjQw=="
        }
      }
    },
    "commander": {
      "version": "6.1.0",
      "resolved": "https://registry.npmjs.org/commander/-/commander-6.1.0.tgz",
      "integrity": "sha512-wl7PNrYWd2y5mp1OK/LhTlv8Ff4kQJQRXXAvF+uU/TPNiVJUxZLRYGj/B0y/lPGAVcSbJqH2Za/cvHmrPMC8mA=="
    },
    "core-util-is": {
      "version": "1.0.2",
      "resolved": "https://registry.npmjs.org/core-util-is/-/core-util-is-1.0.2.tgz",
      "integrity": "sha1-tf1UIgqivFq1eqtxQMlAdUUDwac="
    },
    "crc-32": {
      "version": "1.2.0",
      "resolved": "https://registry.npmjs.org/crc-32/-/crc-32-1.2.0.tgz",
      "integrity": "sha512-1uBwHxF+Y/4yF5G48fwnKq6QsIXheor3ZLPT80yGBV1oEUwpPojlEhQbWKVw1VwcTQyMGHK1/XMmTjmlsmTTGA==",
      "requires": {
        "exit-on-epipe": "~1.0.1",
        "printj": "~1.1.0"
      }
    },
    "cross-blob": {
      "version": "2.0.0",
      "resolved": "https://registry.npmjs.org/cross-blob/-/cross-blob-2.0.0.tgz",
      "integrity": "sha512-NWzFuyG4GTZnM9MtQvjPYVlO12lZCSBdoHIHCZl9WKShsK3CqO+bEH7nuKwlVomlByb37XvT6nVY5uQxDBmk5Q==",
      "requires": {
        "blob-polyfill": "^4.0.20200601",
        "fetch-blob": "^2.0.1"
      }
    },
    "csv-parse": {
      "version": "4.12.0",
      "resolved": "https://registry.npmjs.org/csv-parse/-/csv-parse-4.12.0.tgz",
      "integrity": "sha512-wPQl3H79vWLPI8cgKFcQXl0NBgYYEqVnT1i6/So7OjMpsI540oD7p93r3w6fDSyPvwkTepG05F69/7AViX2lXg=="
    },
    "csvtojson": {
      "version": "2.0.10",
      "resolved": "https://registry.npmjs.org/csvtojson/-/csvtojson-2.0.10.tgz",
      "integrity": "sha512-lUWFxGKyhraKCW8Qghz6Z0f2l/PqB1W3AO0HKJzGIQ5JRSlR651ekJDiGJbBT4sRNNv5ddnSGVEnsxP9XRCVpQ==",
      "requires": {
        "bluebird": "^3.5.1",
        "lodash": "^4.17.3",
        "strip-bom": "^2.0.0"
      }
    },
    "deepmerge": {
      "version": "3.2.0",
      "resolved": "https://registry.npmjs.org/deepmerge/-/deepmerge-3.2.0.tgz",
      "integrity": "sha512-6+LuZGU7QCNUnAJyX8cIrlzoEgggTM6B7mm+znKOX4t5ltluT9KLjN6g61ECMS0LTsLW7yDpNoxhix5FZcrIow=="
    },
    "excel4node": {
      "version": "1.7.2",
      "resolved": "https://registry.npmjs.org/excel4node/-/excel4node-1.7.2.tgz",
      "integrity": "sha512-3XSsPSSbUeGloTRQMTmgf4aA1WDGa9fWQitOCGN/URG8NvwPjgVdbyG7FWKukqTdl5XBz9jv0vVBz3BBIo52tg==",
      "requires": {
        "deepmerge": "3.2.0",
        "image-size": "0.7.2",
        "jszip": "3.2.1",
        "lodash.get": "4.4.2",
        "lodash.isequal": "4.5.0",
        "lodash.isundefined": "3.0.1",
        "lodash.reduce": "4.6.0",
        "lodash.uniqueid": "4.0.1",
        "mime": "2.4.0",
        "uuid": "3.3.2",
        "xmlbuilder": "11.0.1"
      }
    },
    "exit-on-epipe": {
      "version": "1.0.1",
      "resolved": "https://registry.npmjs.org/exit-on-epipe/-/exit-on-epipe-1.0.1.tgz",
      "integrity": "sha512-h2z5mrROTxce56S+pnvAV890uu7ls7f1kEvVGJbw1OlFH3/mlJ5bkXu0KRyW94v37zzHPiUd55iLn3DA7TjWpw=="
    },
    "fetch-blob": {
      "version": "2.1.1",
      "resolved": "https://registry.npmjs.org/fetch-blob/-/fetch-blob-2.1.1.tgz",
      "integrity": "sha512-Uf+gxPCe1hTOFXwkxYyckn8iUSk6CFXGy5VENZKifovUTZC9eUODWSBhOBS7zICGrAetKzdwLMr85KhIcePMAQ=="
    },
    "frac": {
      "version": "1.1.2",
      "resolved": "https://registry.npmjs.org/frac/-/frac-1.1.2.tgz",
      "integrity": "sha512-w/XBfkibaTl3YDqASwfDUqkna4Z2p9cFSr1aHDt0WoMTECnRfBOv2WArlZILlqgWlmdIlALXGpM2AOhEk5W3IA=="
    },
    "fs-extra": {
      "version": "9.0.1",
      "resolved": "https://registry.npmjs.org/fs-extra/-/fs-extra-9.0.1.tgz",
      "integrity": "sha512-h2iAoN838FqAFJY2/qVpzFXy+EBxfVE220PalAqQLDVsFOHLJrZvut5puAbCdNv6WJk+B8ihI+k0c7JK5erwqQ==",
      "requires": {
        "at-least-node": "^1.0.0",
        "graceful-fs": "^4.2.0",
        "jsonfile": "^6.0.1",
        "universalify": "^1.0.0"
      }
    },
    "graceful-fs": {
      "version": "4.2.4",
      "resolved": "https://registry.npmjs.org/graceful-fs/-/graceful-fs-4.2.4.tgz",
      "integrity": "sha512-WjKPNJF79dtJAVniUlGGWHYGz2jWxT6VhN/4m1NdkbZ2nOsEF+cI1Edgql5zCRhs/VsQYRvrXctxktVXZUkixw=="
    },
    "iconv": {
      "version": "3.0.0",
      "resolved": "https://registry.npmjs.org/iconv/-/iconv-3.0.0.tgz",
      "integrity": "sha512-bKTEP55J/e+UutBE3BDBWq6KukPWh3GBYCZGbLEY9vxRDUU2F3bqvPsp/a/DEdIamgF2MvW5lF0Rj1U/7KRL+g=="
    },
    "iconv-lite": {
      "version": "0.6.2",
      "resolved": "https://registry.npmjs.org/iconv-lite/-/iconv-lite-0.6.2.tgz",
      "integrity": "sha512-2y91h5OpQlolefMPmUlivelittSWy0rP+oYVpn6A7GwVHNE8AWzoYOBNmlwks3LobaJxgHCYZAnyNo2GgpNRNQ==",
      "requires": {
        "safer-buffer": ">= 2.1.2 < 3.0.0"
      }
    },
    "image-size": {
      "version": "0.7.2",
      "resolved": "https://registry.npmjs.org/image-size/-/image-size-0.7.2.tgz",
      "integrity": "sha512-CBmVIFHyDyiWi1U24eNHl8SH0Iir2IgmEv1RwdRVZxWsEbSCvV5b/eXaYP8epOFv2dbw5uNBOrn1Nc5P5KvsUA=="
    },
    "immediate": {
      "version": "3.0.6",
      "resolved": "https://registry.npmjs.org/immediate/-/immediate-3.0.6.tgz",
      "integrity": "sha1-nbHb0Pr43m++D13V5Wu2BigN5ps="
    },
    "inherits": {
      "version": "2.0.4",
      "resolved": "https://registry.npmjs.org/inherits/-/inherits-2.0.4.tgz",
      "integrity": "sha512-k/vGaX4/Yla3WzyMCvTQOXYeIHvqOKtnqBduzTHpzpQZzAskKMhZ2K+EnBiSM9zGSoIFeMpXKxa4dYeZIQqewQ=="
    },
    "is-utf8": {
      "version": "0.2.1",
      "resolved": "https://registry.npmjs.org/is-utf8/-/is-utf8-0.2.1.tgz",
      "integrity": "sha1-Sw2hRCEE0bM2NA6AeX6GXPOffXI="
    },
    "isarray": {
      "version": "1.0.0",
      "resolved": "https://registry.npmjs.org/isarray/-/isarray-1.0.0.tgz",
      "integrity": "sha1-u5NdSFgsuhaMBoNJV6VKPgcSTxE="
    },
    "iso-8859-15": {
      "version": "0.1.2",
      "resolved": "https://registry.npmjs.org/iso-8859-15/-/iso-8859-15-0.1.2.tgz",
      "integrity": "sha1-KNGlzSp6OQMFl937HLiZeThCVzs="
    },
    "iso-8859-2": {
      "version": "0.1.2",
      "resolved": "https://registry.npmjs.org/iso-8859-2/-/iso-8859-2-0.1.2.tgz",
      "integrity": "sha1-VQtMDykufryHM6dv/S5pkIx77P4="
    },
    "iso-8859-3": {
      "version": "0.1.2",
      "resolved": "https://registry.npmjs.org/iso-8859-3/-/iso-8859-3-0.1.2.tgz",
      "integrity": "sha1-PeT+tr1fZjllI+aSLFfSGKXJd2Q="
    },
    "iso-8859-4": {
      "version": "0.1.2",
      "resolved": "https://registry.npmjs.org/iso-8859-4/-/iso-8859-4-0.1.2.tgz",
      "integrity": "sha1-bM3E/URq2f0uDPMXTnu9H1haw+Y="
    },
    "iso-8859-5": {
      "version": "0.1.2",
      "resolved": "https://registry.npmjs.org/iso-8859-5/-/iso-8859-5-0.1.2.tgz",
      "integrity": "sha1-oYkIiIXgtAXYgB9tbkLD/gxDvKs="
    },
    "iso-8859-6": {
      "version": "0.1.2",
      "resolved": "https://registry.npmjs.org/iso-8859-6/-/iso-8859-6-0.1.2.tgz",
      "integrity": "sha1-YQwEDlxfCXJzCqL4Kyjl54dNVmE="
    },
    "iso-8859-7": {
      "version": "0.1.2",
      "resolved": "https://registry.npmjs.org/iso-8859-7/-/iso-8859-7-0.1.2.tgz",
      "integrity": "sha1-Tlr64n716I4dXmziMVspkmDXuZk="
    },
    "iso-8859-8": {
      "version": "0.1.2",
      "resolved": "https://registry.npmjs.org/iso-8859-8/-/iso-8859-8-0.1.2.tgz",
      "integrity": "sha1-NUvZfApt4/ny7Q0x77ONQr+gvOU="
    },
    "iso-8859-8-i": {
      "version": "0.1.2",
      "resolved": "https://registry.npmjs.org/iso-8859-8-i/-/iso-8859-8-i-0.1.2.tgz",
      "integrity": "sha1-cAlX57fEK6i1RruHbbh1nQDyGVw="
    },
    "jconv": {
      "version": "0.1.5",
      "resolved": "https://registry.npmjs.org/jconv/-/jconv-0.1.5.tgz",
      "integrity": "sha1-xlDtukzCzm3Skr85ELEjQzxLR/U="
    },
    "jsonfile": {
      "version": "6.0.1",
      "resolved": "https://registry.npmjs.org/jsonfile/-/jsonfile-6.0.1.tgz",
      "integrity": "sha512-jR2b5v7d2vIOust+w3wtFKZIfpC2pnRmFAhAC/BuweZFQR8qZzxH1OyrQ10HmdVYiXWkYUqPVsz91cG7EL2FBg==",
      "requires": {
        "graceful-fs": "^4.1.6",
        "universalify": "^1.0.0"
      }
    },
    "jszip": {
      "version": "3.2.1",
      "resolved": "https://registry.npmjs.org/jszip/-/jszip-3.2.1.tgz",
      "integrity": "sha512-iCMBbo4eE5rb1VCpm5qXOAaUiRKRUKiItn8ah2YQQx9qymmSAY98eyQfioChEYcVQLh0zxJ3wS4A0mh90AVPvw==",
      "requires": {
        "lie": "~3.3.0",
        "pako": "~1.0.2",
        "readable-stream": "~2.3.6",
        "set-immediate-shim": "~1.0.1"
      }
    },
    "koi8-r": {
      "version": "0.1.2",
      "resolved": "https://registry.npmjs.org/koi8-r/-/koi8-r-0.1.2.tgz",
      "integrity": "sha1-pc2d3IVV3NYAc1tokPLT2GlU5+g="
    },
    "legacy-encoding": {
      "version": "3.0.0",
      "resolved": "https://registry.npmjs.org/legacy-encoding/-/legacy-encoding-3.0.0.tgz",
      "integrity": "sha1-oTvTn9kXZXLhRTbTFd/KjqOA2OE=",
      "requires": {
        "iconv-lite": "^0.4.4",
        "iso-8859-15": "^0.1.2",
        "iso-8859-2": "^0.1.2",
        "iso-8859-3": "^0.1.2",
        "iso-8859-4": "^0.1.2",
        "iso-8859-5": "^0.1.2",
        "iso-8859-6": "^0.1.2",
        "iso-8859-7": "^0.1.2",
        "iso-8859-8": "^0.1.2",
        "iso-8859-8-i": "^0.1.2",
        "jconv": "^0.1.5",
        "koi8-r": "^0.1.2",
        "macintosh": "^0.1.2",
        "windows-1250": "^0.1.2",
        "windows-1251": "^0.1.2",
        "windows-1252": "^0.1.2",
        "windows-1253": "^0.1.2",
        "windows-1254": "^0.1.2",
        "windows-1255": "^0.1.2",
        "windows-1256": "^0.1.2",
        "windows-1257": "^0.1.2",
        "windows-1258": "^0.1.2",
        "windows-874": "^0.1.2",
        "x-mac-cyrillic": "^0.1.2"
      },
      "dependencies": {
        "iconv-lite": {
          "version": "0.4.24",
          "resolved": "https://registry.npmjs.org/iconv-lite/-/iconv-lite-0.4.24.tgz",
          "integrity": "sha512-v3MXnZAcvnywkTUEZomIActle7RXXeedOR31wwl7VlyoXO4Qi9arvSenNQWne1TcRwhCL1HwLI21bEqdpj8/rA==",
          "requires": {
            "safer-buffer": ">= 2.1.2 < 3"
          }
        },
        "windows-1251": {
          "version": "0.1.2",
          "resolved": "https://registry.npmjs.org/windows-1251/-/windows-1251-0.1.2.tgz",
          "integrity": "sha1-SIHY+QU9Dre1+l008PlNYN5DwtM="
        }
      }
    },
    "lie": {
      "version": "3.3.0",
      "resolved": "https://registry.npmjs.org/lie/-/lie-3.3.0.tgz",
      "integrity": "sha512-UaiMJzeWRlEujzAuw5LokY1L5ecNQYZKfmyZ9L7wDHb/p5etKaxXhohBcrw0EYby+G/NA52vRSN4N39dxHAIwQ==",
      "requires": {
        "immediate": "~3.0.5"
      }
    },
    "lodash": {
      "version": "4.17.20",
      "resolved": "https://registry.npmjs.org/lodash/-/lodash-4.17.20.tgz",
      "integrity": "sha512-PlhdFcillOINfeV7Ni6oF1TAEayyZBoZ8bcshTHqOYJYlrqzRK5hagpagky5o4HfCzzd1TRkXPMFq6cKk9rGmA=="
    },
    "lodash.get": {
      "version": "4.4.2",
      "resolved": "https://registry.npmjs.org/lodash.get/-/lodash.get-4.4.2.tgz",
      "integrity": "sha1-LRd/ZS+jHpObRDjVNBSZ36OCXpk="
    },
    "lodash.isequal": {
      "version": "4.5.0",
      "resolved": "https://registry.npmjs.org/lodash.isequal/-/lodash.isequal-4.5.0.tgz",
      "integrity": "sha1-QVxEePK8wwEgwizhDtMib30+GOA="
    },
    "lodash.isundefined": {
      "version": "3.0.1",
      "resolved": "https://registry.npmjs.org/lodash.isundefined/-/lodash.isundefined-3.0.1.tgz",
      "integrity": "sha1-I+89lTVWUgOmbO/VuDD4SJEa+0g="
    },
    "lodash.reduce": {
      "version": "4.6.0",
      "resolved": "https://registry.npmjs.org/lodash.reduce/-/lodash.reduce-4.6.0.tgz",
      "integrity": "sha1-8atrg5KZrUj3hKu/R2WW8DuRTTs="
    },
    "lodash.uniqueid": {
      "version": "4.0.1",
      "resolved": "https://registry.npmjs.org/lodash.uniqueid/-/lodash.uniqueid-4.0.1.tgz",
      "integrity": "sha1-MmjyanyI5PSxdY1nknGBTjH6WyY="
    },
    "macintosh": {
      "version": "0.1.2",
      "resolved": "https://registry.npmjs.org/macintosh/-/macintosh-0.1.2.tgz",
      "integrity": "sha1-gu9KUSjxqlH2I6pVRcJJRgdqybs="
    },
    "mime": {
      "version": "2.4.0",
      "resolved": "https://registry.npmjs.org/mime/-/mime-2.4.0.tgz",
      "integrity": "sha512-ikBcWwyqXQSHKtciCcctu9YfPbFYZ4+gbHEmE0Q8jzcTYQg5dHCr3g2wwAZjPoJfQVXZq6KXAjpXOTf5/cjT7w=="
    },
    "pako": {
      "version": "1.0.11",
      "resolved": "https://registry.npmjs.org/pako/-/pako-1.0.11.tgz",
      "integrity": "sha512-4hLB8Py4zZce5s4yd9XzopqwVv/yGNhV1Bl8NTmCq1763HeK2+EwVTv+leGeL13Dnh2wfbqowVPXCIO0z4taYw=="
    },
    "printj": {
      "version": "1.1.2",
      "resolved": "https://registry.npmjs.org/printj/-/printj-1.1.2.tgz",
      "integrity": "sha512-zA2SmoLaxZyArQTOPj5LXecR+RagfPSU5Kw1qP+jkWeNlrq+eJZyY2oS68SU1Z/7/myXM4lo9716laOFAVStCQ=="
    },
    "process-nextick-args": {
      "version": "2.0.1",
      "resolved": "https://registry.npmjs.org/process-nextick-args/-/process-nextick-args-2.0.1.tgz",
      "integrity": "sha512-3ouUOpQhtgrbOa17J7+uxOTpITYWaGP7/AhoR3+A+/1e9skrzelGi/dXzEYyvbxubEF6Wn2ypscTKiKJFFn1ag=="
    },
    "readable-stream": {
      "version": "2.3.7",
      "resolved": "https://registry.npmjs.org/readable-stream/-/readable-stream-2.3.7.tgz",
      "integrity": "sha512-Ebho8K4jIbHAxnuxi7o42OrZgF/ZTNcsZj6nRKyUmkhLFq8CHItp/fy6hQZuZmP/n3yZ9VBUbp4zz/mX8hmYPw==",
      "requires": {
        "core-util-is": "~1.0.0",
        "inherits": "~2.0.3",
        "isarray": "~1.0.0",
        "process-nextick-args": "~2.0.0",
        "safe-buffer": "~5.1.1",
        "string_decoder": "~1.1.1",
        "util-deprecate": "~1.0.1"
      }
    },
    "safe-buffer": {
      "version": "5.1.2",
      "resolved": "https://registry.npmjs.org/safe-buffer/-/safe-buffer-5.1.2.tgz",
      "integrity": "sha512-Gd2UZBJDkXlY7GbJxfsE8/nvKkUEU1G38c1siN6QP6a9PT9MmHB8GnpscSmMJSoF8LOIrt8ud/wPtojys4G6+g=="
    },
    "safer-buffer": {
      "version": "2.1.2",
      "resolved": "https://registry.npmjs.org/safer-buffer/-/safer-buffer-2.1.2.tgz",
      "integrity": "sha512-YZo3K82SD7Riyi0E1EQPojLz7kpepnSQI9IyPbHHg1XXXevb5dJI7tpyN2ADxGcQbHG7vcyRHk0cbwqcQriUtg=="
    },
    "set-immediate-shim": {
      "version": "1.0.1",
      "resolved": "https://registry.npmjs.org/set-immediate-shim/-/set-immediate-shim-1.0.1.tgz",
      "integrity": "sha1-SysbJ+uAip+NzEgaWOXlb1mfP2E="
    },
    "ssf": {
      "version": "0.11.2",
      "resolved": "https://registry.npmjs.org/ssf/-/ssf-0.11.2.tgz",
      "integrity": "sha512-+idbmIXoYET47hH+d7dfm2epdOMUDjqcB4648sTZ+t2JwoyBFL/insLfB/racrDmsKB3diwsDA696pZMieAC5g==",
      "requires": {
        "frac": "~1.1.2"
      }
    },
    "string_decoder": {
      "version": "1.1.1",
      "resolved": "https://registry.npmjs.org/string_decoder/-/string_decoder-1.1.1.tgz",
      "integrity": "sha512-n/ShnvDi6FHbbVfviro+WojiFzv+s8MPMHBczVePfUpDJLwoLT0ht1l4YwBCbi8pJAveEEdnkHyPyTP/mzRfwg==",
      "requires": {
        "safe-buffer": "~5.1.0"
      }
    },
    "strip-bom": {
      "version": "2.0.0",
      "resolved": "https://registry.npmjs.org/strip-bom/-/strip-bom-2.0.0.tgz",
      "integrity": "sha1-YhmoVhZSBJHzV4i9vxRHqZx+aw4=",
      "requires": {
        "is-utf8": "^0.2.0"
      }
    },
    "universalify": {
      "version": "1.0.0",
      "resolved": "https://registry.npmjs.org/universalify/-/universalify-1.0.0.tgz",
      "integrity": "sha512-rb6X1W158d7pRQBg5gkR8uPaSfiids68LTJQYOtEUhoJUWBdaQHsuT/EUduxXYxcrt4r5PJ4fuHW1MHT6p0qug=="
    },
    "utf8": {
      "version": "3.0.0",
      "resolved": "https://registry.npmjs.org/utf8/-/utf8-3.0.0.tgz",
      "integrity": "sha512-E8VjFIQ/TyQgp+TZfS6l8yp/xWppSAHzidGiRrqe4bK4XP9pTRyKFgGJpO3SN7zdX4DeomTrwaseCHovfpFcqQ=="
    },
    "util-deprecate": {
      "version": "1.0.2",
      "resolved": "https://registry.npmjs.org/util-deprecate/-/util-deprecate-1.0.2.tgz",
      "integrity": "sha1-RQ1Nyfpw3nMnYvvS1KKJgUGaDM8="
    },
    "uuid": {
      "version": "3.3.2",
      "resolved": "https://registry.npmjs.org/uuid/-/uuid-3.3.2.tgz",
      "integrity": "sha512-yXJmeNaw3DnnKAOKJE51sL/ZaYfWJRl1pK9dr19YFCu0ObS231AB1/LbqTKRAQ5kw8A90rA6fr4riOUpTZvQZA=="
    },
    "windows-1250": {
      "version": "0.1.2",
      "resolved": "https://registry.npmjs.org/windows-1250/-/windows-1250-0.1.2.tgz",
      "integrity": "sha1-w3uaBz5AW89CCB02uq8v3nc7mcw="
    },
    "windows-1251": {
      "version": "1.0.0",
      "resolved": "https://registry.npmjs.org/windows-1251/-/windows-1251-1.0.0.tgz",
      "integrity": "sha1-Ruw+pUkbmmjw9AFXOKwxVnp5iaA="
    },
    "windows-1252": {
      "version": "0.1.2",
      "resolved": "https://registry.npmjs.org/windows-1252/-/windows-1252-0.1.2.tgz",
      "integrity": "sha1-Zit1Mede3ZRcLby6K/eZwXC4yBY="
    },
    "windows-1253": {
      "version": "0.1.2",
      "resolved": "https://registry.npmjs.org/windows-1253/-/windows-1253-0.1.2.tgz",
      "integrity": "sha1-z6AiW33dZqj0A43qbpOJRXMPklE="
    },
    "windows-1254": {
      "version": "0.1.2",
      "resolved": "https://registry.npmjs.org/windows-1254/-/windows-1254-0.1.2.tgz",
      "integrity": "sha1-rXeQfF7k7FGvpkpFyqJF7C1Ti4M="
    },
    "windows-1255": {
      "version": "0.1.2",
      "resolved": "https://registry.npmjs.org/windows-1255/-/windows-1255-0.1.2.tgz",
      "integrity": "sha1-HSCCyriBdV+jIr7ELz9iaRjMpSE="
    },
    "windows-1256": {
      "version": "0.1.2",
      "resolved": "https://registry.npmjs.org/windows-1256/-/windows-1256-0.1.2.tgz",
      "integrity": "sha1-mwlXRpikEnQfSzVsJFCo/5KpDJI="
    },
    "windows-1257": {
      "version": "0.1.2",
      "resolved": "https://registry.npmjs.org/windows-1257/-/windows-1257-0.1.2.tgz",
      "integrity": "sha1-i0xE7rDpcbtzQPv0+eZ06GDLtmY="
    },
    "windows-1258": {
      "version": "0.1.2",
      "resolved": "https://registry.npmjs.org/windows-1258/-/windows-1258-0.1.2.tgz",
      "integrity": "sha1-MCM96qvaEYSUJGkzOIVrlVLeVg4="
    },
    "windows-874": {
      "version": "0.1.2",
      "resolved": "https://registry.npmjs.org/windows-874/-/windows-874-0.1.2.tgz",
      "integrity": "sha1-dyI7Ptabdd6Yhtz6K73VI6fconc="
    },
    "wmf": {
      "version": "1.0.2",
      "resolved": "https://registry.npmjs.org/wmf/-/wmf-1.0.2.tgz",
      "integrity": "sha512-/p9K7bEh0Dj6WbXg4JG0xvLQmIadrner1bi45VMJTfnbVHsc7yIajZyoSoK60/dtVBs12Fm6WkUI5/3WAVsNMw=="
    },
    "word": {
      "version": "0.3.0",
      "resolved": "https://registry.npmjs.org/word/-/word-0.3.0.tgz",
      "integrity": "sha512-OELeY0Q61OXpdUfTp+oweA/vtLVg5VDOXh+3he3PNzLGG/y0oylSOC1xRVj0+l4vQ3tj/bB1HVHv1ocXkQceFA=="
    },
    "x-mac-cyrillic": {
      "version": "0.1.2",
      "resolved": "https://registry.npmjs.org/x-mac-cyrillic/-/x-mac-cyrillic-0.1.2.tgz",
      "integrity": "sha1-dpMPw3V1SSmxCkmONFE3+Ut0ezw="
    },
    "xlsx": {
      "version": "0.16.7",
      "resolved": "https://registry.npmjs.org/xlsx/-/xlsx-0.16.7.tgz",
      "integrity": "sha512-Xc4NRjci2Grbh9NDk/XoaWycJurxEug1wwn0aJCmB0NvIMyQuHYq2muWLWGidYNZPf94aUbqm6K8Fbjd7gKTZg==",
      "requires": {
        "adler-32": "~1.2.0",
        "cfb": "^1.1.4",
        "codepage": "~1.14.0",
        "commander": "~2.17.1",
        "crc-32": "~1.2.0",
        "exit-on-epipe": "~1.0.1",
        "ssf": "~0.11.2",
        "wmf": "~1.0.1",
        "word": "~0.3.0"
      },
      "dependencies": {
        "commander": {
          "version": "2.17.1",
          "resolved": "https://registry.npmjs.org/commander/-/commander-2.17.1.tgz",
          "integrity": "sha512-wPMUt6FnH2yzG95SA6mzjQOEKUU3aLaDEmzs1ti+1E9h+CsrZghRlqEM/EJ4KscsQVG8uNN4uVreUeT8+drlgg=="
        }
      }
    },
    "xmlbuilder": {
      "version": "11.0.1",
      "resolved": "https://registry.npmjs.org/xmlbuilder/-/xmlbuilder-11.0.1.tgz",
      "integrity": "sha512-fDlsI/kFEx7gLvbecc0/ohLG50fugQp8ryHzMTuW9vSa1GJ0XYWKnhsUx7oie3G98+r56aTQIUB4kht42R3JvA=="
    }
  }
}
